
Microsoft Visual Studio Solution File, Format Version 12.00
# Visual Studio Version 16
VisualStudioVersion = 16.0.29009.5
MinimumVisualStudioVersion = 10.0.40219.1
Project("{FAE04EC0-301F-11D3-BF4B-00C04F79EFBC}") = "Aula118_Exercicios_propostos_PARTE1", "Aula118_Exercicios_propostos_PARTE1.csproj", "{68D4BAA2-50EB-434D-A6D4-3D0D5236DFC0}"
EndProject
Global
	GlobalSection(SolutionConfigurationPlatforms) = preSolution
		Debug|Any CPU = Debug|Any CPU
		Release|Any CPU = Release|Any CPU
	EndGlobalSection
	GlobalSection(ProjectConfigurationPlatforms) = postSolution
		{68D4BAA2-50EB-434D-A6D4-3D0D5236DFC0}.Debug|Any CPU.ActiveCfg = Debug|Any CPU
		{68D4BAA2-50EB-434D-A6D4-3D0D5236DFC0}.Debug|Any CPU.Build.0 = Debug|Any CPU
		{68D4BAA2-50EB-434D-A6D4-3D0D5236DFC0}.Release|Any CPU.ActiveCfg = Release|Any CPU
		{68D4BAA2-50EB-434D-A6D4-3D0D5236DFC0}.Release|Any CPU.Build.0 = Release|Any CPU
	EndGlobalSection
	GlobalSection(SolutionProperties) = preSolution
		HideSolutionNode = FALSE
	EndGlobalSection
	GlobalSection(ExtensibilityGlobals) = postSolution
		SolutionGuid = {23E769B6-96E3-459E-B7C4-10294DFC246A}
	EndGlobalSection
EndGlobal
